
Microsoft Visual Studio Solution File, Format Version 12.00
# Visual Studio 14
VisualStudioVersion = 14.0.24720.0
MinimumVisualStudioVersion = 10.0.40219.1
Project("{F2A71F9B-5D33-465A-A702-920D77279786}") = "Fsharp Hello World", "Fsharp Hello World\Fsharp Hello World.fsproj", "{D1D33E8C-5F7D-4253-A84E-7526B9A02656}"
EndProject
Project("{F2A71F9B-5D33-465A-A702-920D77279786}") = "Fsharp More Advanced", "..\Fsharp More Advanced\Fsharp More Advanced.fsproj", "{2B282913-8BA1-4CED-BA0A-05BF0E0D67DC}"
EndProject
Global
	GlobalSection(SolutionConfigurationPlatforms) = preSolution
		Debug|Any CPU = Debug|Any CPU
		Release|Any CPU = Release|Any CPU
	EndGlobalSection
	GlobalSection(ProjectConfigurationPlatforms) = postSolution
		{D1D33E8C-5F7D-4253-A84E-7526B9A02656}.Debug|Any CPU.ActiveCfg = Debug|Any CPU
		{D1D33E8C-5F7D-4253-A84E-7526B9A02656}.Debug|Any CPU.Build.0 = Debug|Any CPU
		{D1D33E8C-5F7D-4253-A84E-7526B9A02656}.Release|Any CPU.ActiveCfg = Release|Any CPU
		{D1D33E8C-5F7D-4253-A84E-7526B9A02656}.Release|Any CPU.Build.0 = Release|Any CPU
		{2B282913-8BA1-4CED-BA0A-05BF0E0D67DC}.Debug|Any CPU.ActiveCfg = Debug|Any CPU
		{2B282913-8BA1-4CED-BA0A-05BF0E0D67DC}.Debug|Any CPU.Build.0 = Debug|Any CPU
		{2B282913-8BA1-4CED-BA0A-05BF0E0D67DC}.Release|Any CPU.ActiveCfg = Release|Any CPU
		{2B282913-8BA1-4CED-BA0A-05BF0E0D67DC}.Release|Any CPU.Build.0 = Release|Any CPU
	EndGlobalSection
	GlobalSection(SolutionProperties) = preSolution
		HideSolutionNode = FALSE
	EndGlobalSection
EndGlobal
